
Microsoft Visual Studio Solution File, Format Version 12.00
# Visual Studio Version 16
VisualStudioVersion = 16.0.30225.117
MinimumVisualStudioVersion = 10.0.40219.1
Project("{FAE04EC0-301F-11D3-BF4B-00C04F79EFBC}") = "Gateway", "ProductWebApp\Gateway.csproj", "{2DB1CDF5-64DE-4342-9C62-77412A270B2B}"
EndProject
Project("{FAE04EC0-301F-11D3-BF4B-00C04F79EFBC}") = "ProductService", "ProductService\ProductService.csproj", "{6DF93E1A-A05E-4752-9950-B5010D17D642}"
EndProject
Project("{FAE04EC0-301F-11D3-BF4B-00C04F79EFBC}") = "Common", "Common\Common.csproj", "{A36D10A9-F04A-4F8A-94FA-CCD9BFA50732}"
EndProject
Global
	GlobalSection(SolutionConfigurationPlatforms) = preSolution
		Debug|Any CPU = Debug|Any CPU
		Release|Any CPU = Release|Any CPU
	EndGlobalSection
	GlobalSection(ProjectConfigurationPlatforms) = postSolution
		{2DB1CDF5-64DE-4342-9C62-77412A270B2B}.Debug|Any CPU.ActiveCfg = Debug|Any CPU
		{2DB1CDF5-64DE-4342-9C62-77412A270B2B}.Debug|Any CPU.Build.0 = Debug|Any CPU
		{2DB1CDF5-64DE-4342-9C62-77412A270B2B}.Release|Any CPU.ActiveCfg = Release|Any CPU
		{2DB1CDF5-64DE-4342-9C62-77412A270B2B}.Release|Any CPU.Build.0 = Release|Any CPU
		{6DF93E1A-A05E-4752-9950-B5010D17D642}.Debug|Any CPU.ActiveCfg = Debug|Any CPU
		{6DF93E1A-A05E-4752-9950-B5010D17D642}.Debug|Any CPU.Build.0 = Debug|Any CPU
		{6DF93E1A-A05E-4752-9950-B5010D17D642}.Release|Any CPU.ActiveCfg = Release|Any CPU
		{6DF93E1A-A05E-4752-9950-B5010D17D642}.Release|Any CPU.Build.0 = Release|Any CPU
		{A36D10A9-F04A-4F8A-94FA-CCD9BFA50732}.Debug|Any CPU.ActiveCfg = Debug|Any CPU
		{A36D10A9-F04A-4F8A-94FA-CCD9BFA50732}.Debug|Any CPU.Build.0 = Debug|Any CPU
		{A36D10A9-F04A-4F8A-94FA-CCD9BFA50732}.Release|Any CPU.ActiveCfg = Release|Any CPU
		{A36D10A9-F04A-4F8A-94FA-CCD9BFA50732}.Release|Any CPU.Build.0 = Release|Any CPU
	EndGlobalSection
	GlobalSection(SolutionProperties) = preSolution
		HideSolutionNode = FALSE
	EndGlobalSection
	GlobalSection(ExtensibilityGlobals) = postSolution
		SolutionGuid = {18D77A8A-C831-47DA-9964-FFA6E8B0A044}
	EndGlobalSection
EndGlobal
